// !$*UTF8*$!
{
	archiveVersion = 1;
	classes = {
	};
	objectVersion = 56;
	objects = {

/* Begin PBXBuildFile section */
		04D686632ACC7DB600E76C81 /* GigaChadCalculatorAppApp.swift in Sources */ = {isa = PBXBuildFile; fileRef = 04D686622ACC7DB600E76C81 /* GigaChadCalculatorAppApp.swift */; };
		04D686652ACC7DB600E76C81 /* ContentView.swift in Sources */ = {isa = PBXBuildFile; fileRef = 04D686642ACC7DB600E76C81 /* ContentView.swift */; };
		04D686672ACC7DB700E76C81 /* Assets.xcassets in Resources */ = {isa = PBXBuildFile; fileRef = 04D686662ACC7DB700E76C81 /* Assets.xcassets */; };
		04D6866A2ACC7DB700E76C81 /* Preview Assets.xcassets in Resources */ = {isa = PBXBuildFile; fileRef = 04D686692ACC7DB700E76C81 /* Preview Assets.xcassets */; };
		04D686742ACC7DB700E76C81 /* GigaChadCalculatorAppTests.swift in Sources */ = {isa = PBXBuildFile; fileRef = 04D686732ACC7DB700E76C81 /* GigaChadCalculatorAppTests.swift */; };
		04D6867E2ACC7DB700E76C81 /* GigaChadCalculatorAppUITests.swift in Sources */ = {isa = PBXBuildFile; fileRef = 04D6867D2ACC7DB700E76C81 /* GigaChadCalculatorAppUITests.swift */; };
		04D686802ACC7DB800E76C81 /* GigaChadCalculatorAppUITestsLaunchTests.swift in Sources */ = {isa = PBXBuildFile; fileRef = 04D6867F2ACC7DB800E76C81 /* GigaChadCalculatorAppUITestsLaunchTests.swift */; };
/* End PBXBuildFile section */

/* Begin PBXContainerItemProxy section */
		04D686702ACC7DB700E76C81 /* PBXContainerItemProxy */ = {
			isa = PBXContainerItemProxy;
			containerPortal = 04D686572ACC7DB600E76C81 /* Project object */;
			proxyType = 1;
			remoteGlobalIDString = 04D6865E2ACC7DB600E76C81;
			remoteInfo = GigaChadCalculatorApp;
		};
		04D6867A2ACC7DB700E76C81 /* PBXContainerItemProxy */ = {
			isa = PBXContainerItemProxy;
			containerPortal = 04D686572ACC7DB600E76C81 /* Project object */;
			proxyType = 1;
			remoteGlobalIDString = 04D6865E2ACC7DB600E76C81;
			remoteInfo = GigaChadCalculatorApp;
		};
/* End PBXContainerItemProxy section */

/* Begin PBXFileReference section */
		04D6865F2ACC7DB600E76C81 /* GigaChadCalculatorApp.app */ = {isa = PBXFileReference; explicitFileType = wrapper.application; includeInIndex = 0; path = GigaChadCalculatorApp.app; sourceTree = BUILT_PRODUCTS_DIR; };
		04D686622ACC7DB600E76C81 /* GigaChadCalculatorAppApp.swift */ = {isa = PBXFileReference; lastKnownFileType = sourcecode.swift; path = GigaChadCalculatorAppApp.swift; sourceTree = "<group>"; };
		04D686642ACC7DB600E76C81 /* ContentView.swift */ = {isa = PBXFileReference; lastKnownFileType = sourcecode.swift; path = ContentView.swift; sourceTree = "<group>"; };
		04D686662ACC7DB700E76C81 /* Assets.xcassets */ = {isa = PBXFileReference; lastKnownFileType = folder.assetcatalog; path = Assets.xcassets; sourceTree = "<group>"; };
		04D686692ACC7DB700E76C81 /* Preview Assets.xcassets */ = {isa = PBXFileReference; lastKnownFileType = folder.assetcatalog; path = "Preview Assets.xcassets"; sourceTree = "<group>"; };
		04D6866F2ACC7DB700E76C81 /* GigaChadCalculatorAppTests.xctest */ = {isa = PBXFileReference; explicitFileType = wrapper.cfbundle; includeInIndex = 0; path = GigaChadCalculatorAppTests.xctest; sourceTree = BUILT_PRODUCTS_DIR; };
		04D686732ACC7DB700E76C81 /* GigaChadCalculatorAppTests.swift */ = {isa = PBXFileReference; lastKnownFileType = sourcecode.swift; path = GigaChadCalculatorAppTests.swift; sourceTree = "<group>"; };
		04D686792ACC7DB700E76C81 /* GigaChadCalculatorAppUITests.xctest */ = {isa = PBXFileReference; explicitFileType = wrapper.cfbundle; includeInIndex = 0; path = GigaChadCalculatorAppUITests.xctest; sourceTree = BUILT_PRODUCTS_DIR; };
		04D6867D2ACC7DB700E76C81 /* GigaChadCalculatorAppUITests.swift */ = {isa = PBXFileReference; lastKnownFileType = sourcecode.swift; path = GigaChadCalculatorAppUITests.swift; sourceTree = "<group>"; };
		04D6867F2ACC7DB800E76C81 /* GigaChadCalculatorAppUITestsLaunchTests.swift */ = {isa = PBXFileReference; lastKnownFileType = sourcecode.swift; path = GigaChadCalculatorAppUITestsLaunchTests.swift; sourceTree = "<group>"; };
/* End PBXFileReference section */

/* Begin PBXFrameworksBuildPhase section */
		04D6865C2ACC7DB600E76C81 /* Frameworks */ = {
			isa = PBXFrameworksBuildPhase;
			buildActionMask = 2147483647;
			files = (
			);
			runOnlyForDeploymentPostprocessing = 0;
		};
		04D6866C2ACC7DB700E76C81 /* Frameworks */ = {
			isa = PBXFrameworksBuildPhase;
			buildActionMask = 2147483647;
			files = (
			);
			runOnlyForDeploymentPostprocessing = 0;
		};
		04D686762ACC7DB700E76C81 /* Frameworks */ = {
			isa = PBXFrameworksBuildPhase;
			buildActionMask = 2147483647;
			files = (
			);
			runOnlyForDeploymentPostprocessing = 0;
		};
/* End PBXFrameworksBuildPhase section */

/* Begin PBXGroup section */
		04D686562ACC7DB600E76C81 = {
			isa = PBXGroup;
			children = (
				04D686612ACC7DB600E76C81 /* GigaChadCalculatorApp */,
				04D686722ACC7DB700E76C81 /* GigaChadCalculatorAppTests */,
				04D6867C2ACC7DB700E76C81 /* GigaChadCalculatorAppUITests */,
				04D686602ACC7DB600E76C81 /* Products */,
			);
			sourceTree = "<group>";
		};
		04D686602ACC7DB600E76C81 /* Products */ = {
			isa = PBXGroup;
			children = (
				04D6865F2ACC7DB600E76C81 /* GigaChadCalculatorApp.app */,
				04D6866F2ACC7DB700E76C81 /* GigaChadCalculatorAppTests.xctest */,
				04D686792ACC7DB700E76C81 /* GigaChadCalculatorAppUITests.xctest */,
			);
			name = Products;
			sourceTree = "<group>";
		};
		04D686612ACC7DB600E76C81 /* GigaChadCalculatorApp */ = {
			isa = PBXGroup;
			children = (
				04D686622ACC7DB600E76C81 /* GigaChadCalculatorAppApp.swift */,
				04D686642ACC7DB600E76C81 /* ContentView.swift */,
				04D686662ACC7DB700E76C81 /* Assets.xcassets */,
				04D686682ACC7DB700E76C81 /* Preview Content */,
			);
			path = GigaChadCalculatorApp;
			sourceTree = "<group>";
		};
		04D686682ACC7DB700E76C81 /* Preview Content */ = {
			isa = PBXGroup;
			children = (
				04D686692ACC7DB700E76C81 /* Preview Assets.xcassets */,
			);
			path = "Preview Content";
			sourceTree = "<group>";
		};
		04D686722ACC7DB700E76C81 /* GigaChadCalculatorAppTests */ = {
			isa = PBXGroup;
			children = (
				04D686732ACC7DB700E76C81 /* GigaChadCalculatorAppTests.swift */,
			);
			path = GigaChadCalculatorAppTests;
			sourceTree = "<group>";
		};
		04D6867C2ACC7DB700E76C81 /* GigaChadCalculatorAppUITests */ = {
			isa = PBXGroup;
			children = (
				04D6867D2ACC7DB700E76C81 /* GigaChadCalculatorAppUITests.swift */,
				04D6867F2ACC7DB800E76C81 /* GigaChadCalculatorAppUITestsLaunchTests.swift */,
			);
			path = GigaChadCalculatorAppUITests;
			sourceTree = "<group>";
		};
/* End PBXGroup section */

/* Begin PBXNativeTarget section */
		04D6865E2ACC7DB600E76C81 /* GigaChadCalculatorApp */ = {
			isa = PBXNativeTarget;
			buildConfigurationList = 04D686832ACC7DB800E76C81 /* Build configuration list for PBXNativeTarget "GigaChadCalculatorApp" */;
			buildPhases = (
				04D6865B2ACC7DB600E76C81 /* Sources */,
				04D6865C2ACC7DB600E76C81 /* Frameworks */,
				04D6865D2ACC7DB600E76C81 /* Resources */,
			);
			buildRules = (
			);
			dependencies = (
			);
			name = GigaChadCalculatorApp;
			productName = GigaChadCalculatorApp;
			productReference = 04D6865F2ACC7DB600E76C81 /* GigaChadCalculatorApp.app */;
			productType = "com.apple.product-type.application";
		};
		04D6866E2ACC7DB700E76C81 /* GigaChadCalculatorAppTests */ = {
			isa = PBXNativeTarget;
			buildConfigurationList = 04D686862ACC7DB800E76C81 /* Build configuration list for PBXNativeTarget "GigaChadCalculatorAppTests" */;
			buildPhases = (
				04D6866B2ACC7DB700E76C81 /* Sources */,
				04D6866C2ACC7DB700E76C81 /* Frameworks */,
				04D6866D2ACC7DB700E76C81 /* Resources */,
			);
			buildRules = (
			);
			dependencies = (
				04D686712ACC7DB700E76C81 /* PBXTargetDependency */,
			);
			name = GigaChadCalculatorAppTests;
			productName = GigaChadCalculatorAppTests;
			productReference = 04D6866F2ACC7DB700E76C81 /* GigaChadCalculatorAppTests.xctest */;
			productType = "com.apple.product-type.bundle.unit-test";
		};
		04D686782ACC7DB700E76C81 /* GigaChadCalculatorAppUITests */ = {
			isa = PBXNativeTarget;
			buildConfigurationList = 04D686892ACC7DB800E76C81 /* Build configuration list for PBXNativeTarget "GigaChadCalculatorAppUITests" */;
			buildPhases = (
				04D686752ACC7DB700E76C81 /* Sources */,
				04D686762ACC7DB700E76C81 /* Frameworks */,
				04D686772ACC7DB700E76C81 /* Resources */,
			);
			buildRules = (
			);
			dependencies = (
				04D6867B2ACC7DB700E76C81 /* PBXTargetDependency */,
			);
			name = GigaChadCalculatorAppUITests;
			productName = GigaChadCalculatorAppUITests;
			productReference = 04D686792ACC7DB700E76C81 /* GigaChadCalculatorAppUITests.xctest */;
			productType = "com.apple.product-type.bundle.ui-testing";
		};
/* End PBXNativeTarget section */

/* Begin PBXProject section */
		04D686572ACC7DB600E76C81 /* Project object */ = {
			isa = PBXProject;
			attributes = {
				BuildIndependentTargetsInParallel = 1;
				LastSwiftUpdateCheck = 1500;
				LastUpgradeCheck = 1500;
				TargetAttributes = {
					04D6865E2ACC7DB600E76C81 = {
						CreatedOnToolsVersion = 15.0;
					};
					04D6866E2ACC7DB700E76C81 = {
						CreatedOnToolsVersion = 15.0;
						TestTargetID = 04D6865E2ACC7DB600E76C81;
					};
					04D686782ACC7DB700E76C81 = {
						CreatedOnToolsVersion = 15.0;
						TestTargetID = 04D6865E2ACC7DB600E76C81;
					};
				};
			};
			buildConfigurationList = 04D6865A2ACC7DB600E76C81 /* Build configuration list for PBXProject "GigaChadCalculatorApp" */;
			compatibilityVersion = "Xcode 14.0";
			developmentRegion = en;
			hasScannedForEncodings = 0;
			knownRegions = (
				en,
				Base,
			);
			mainGroup = 04D686562ACC7DB600E76C81;
			productRefGroup = 04D686602ACC7DB600E76C81 /* Products */;
			projectDirPath = "";
			projectRoot = "";
			targets = (
				04D6865E2ACC7DB600E76C81 /* GigaChadCalculatorApp */,
				04D6866E2ACC7DB700E76C81 /* GigaChadCalculatorAppTests */,
				04D686782ACC7DB700E76C81 /* GigaChadCalculatorAppUITests */,
			);
		};
/* End PBXProject section */

/* Begin PBXResourcesBuildPhase section */
		04D6865D2ACC7DB600E76C81 /* Resources */ = {
			isa = PBXResourcesBuildPhase;
			buildActionMask = 2147483647;
			files = (
				04D6866A2ACC7DB700E76C81 /* Preview Assets.xcassets in Resources */,
				04D686672ACC7DB700E76C81 /* Assets.xcassets in Resources */,
			);
			runOnlyForDeploymentPostprocessing = 0;
		};
		04D6866D2ACC7DB700E76C81 /* Resources */ = {
			isa = PBXResourcesBuildPhase;
			buildActionMask = 2147483647;
			files = (
			);
			runOnlyForDeploymentPostprocessing = 0;
		};
		04D686772ACC7DB700E76C81 /* Resources */ = {
			isa = PBXResourcesBuildPhase;
			buildActionMask = 2147483647;
			files = (
			);
			runOnlyForDeploymentPostprocessing = 0;
		};
/* End PBXResourcesBuildPhase section */

/* Begin PBXSourcesBuildPhase section */
		04D6865B2ACC7DB600E76C81 /* Sources */ = {
			isa = PBXSourcesBuildPhase;
			buildActionMask = 2147483647;
			files = (
				04D686652ACC7DB600E76C81 /* ContentView.swift in Sources */,
				04D686632ACC7DB600E76C81 /* GigaChadCalculatorAppApp.swift in Sources */,
			);
			runOnlyForDeploymentPostprocessing = 0;
		};
		04D6866B2ACC7DB700E76C81 /* Sources */ = {
			isa = PBXSourcesBuildPhase;
			buildActionMask = 2147483647;
			files = (
				04D686742ACC7DB700E76C81 /* GigaChadCalculatorAppTests.swift in Sources */,
			);
			runOnlyForDeploymentPostprocessing = 0;
		};
		04D686752ACC7DB700E76C81 /* Sources */ = {
			isa = PBXSourcesBuildPhase;
			buildActionMask = 2147483647;
			files = (
				04D686802ACC7DB800E76C81 /* GigaChadCalculatorAppUITestsLaunchTests.swift in Sources */,
				04D6867E2ACC7DB700E76C81 /* GigaChadCalculatorAppUITests.swift in Sources */,
			);
			runOnlyForDeploymentPostprocessing = 0;
		};
/* End PBXSourcesBuildPhase section */

/* Begin PBXTargetDependency section */
		04D686712ACC7DB700E76C81 /* PBXTargetDependency */ = {
			isa = PBXTargetDependency;
			target = 04D6865E2ACC7DB600E76C81 /* GigaChadCalculatorApp */;
			targetProxy = 04D686702ACC7DB700E76C81 /* PBXContainerItemProxy */;
		};
		04D6867B2ACC7DB700E76C81 /* PBXTargetDependency */ = {
			isa = PBXTargetDependency;
			target = 04D6865E2ACC7DB600E76C81 /* GigaChadCalculatorApp */;
			targetProxy = 04D6867A2ACC7DB700E76C81 /* PBXContainerItemProxy */;
		};
/* End PBXTargetDependency section */

/* Begin XCBuildConfiguration section */
		04D686812ACC7DB800E76C81 /* Debug */ = {
			isa = XCBuildConfiguration;
			buildSettings = {
				ALWAYS_SEARCH_USER_PATHS = NO;
				ASSETCATALOG_COMPILER_GENERATE_SWIFT_ASSET_SYMBOL_EXTENSIONS = YES;
				CLANG_ANALYZER_NONNULL = YES;
				CLANG_ANALYZER_NUMBER_OBJECT_CONVERSION = YES_AGGRESSIVE;
				CLANG_CXX_LANGUAGE_STANDARD = "gnu++20";
				CLANG_ENABLE_MODULES = YES;
				CLANG_ENABLE_OBJC_ARC = YES;
				CLANG_ENABLE_OBJC_WEAK = YES;
				CLANG_WARN_BLOCK_CAPTURE_AUTORELEASING = YES;
				CLANG_WARN_BOOL_CONVERSION = YES;
				CLANG_WARN_COMMA = YES;
				CLANG_WARN_CONSTANT_CONVERSION = YES;
				CLANG_WARN_DEPRECATED_OBJC_IMPLEMENTATIONS = YES;
				CLANG_WARN_DIRECT_OBJC_ISA_USAGE = YES_ERROR;
				CLANG_WARN_DOCUMENTATION_COMMENTS = YES;
				CLANG_WARN_EMPTY_BODY = YES;
				CLANG_WARN_ENUM_CONVERSION = YES;
				CLANG_WARN_INFINITE_RECURSION = YES;
				CLANG_WARN_INT_CONVERSION = YES;
				CLANG_WARN_NON_LITERAL_NULL_CONVERSION = YES;
				CLANG_WARN_OBJC_IMPLICIT_RETAIN_SELF = YES;
				CLANG_WARN_OBJC_LITERAL_CONVERSION = YES;
				CLANG_WARN_OBJC_ROOT_CLASS = YES_ERROR;
				CLANG_WARN_QUOTED_INCLUDE_IN_FRAMEWORK_HEADER = YES;
				CLANG_WARN_RANGE_LOOP_ANALYSIS = YES;
				CLANG_WARN_STRICT_PROTOTYPES = YES;
				CLANG_WARN_SUSPICIOUS_MOVE = YES;
				CLANG_WARN_UNGUARDED_AVAILABILITY = YES_AGGRESSIVE;
				CLANG_WARN_UNREACHABLE_CODE = YES;
				CLANG_WARN__DUPLICATE_METHOD_MATCH = YES;
				COPY_PHASE_STRIP = NO;
				DEBUG_INFORMATION_FORMAT = dwarf;
				ENABLE_STRICT_OBJC_MSGSEND = YES;
				ENABLE_TESTABILITY = YES;
				ENABLE_USER_SCRIPT_SANDBOXING = YES;
				GCC_C_LANGUAGE_STANDARD = gnu17;
				GCC_DYNAMIC_NO_PIC = NO;
				GCC_NO_COMMON_BLOCKS = YES;
				GCC_OPTIMIZATION_LEVEL = 0;
				GCC_PREPROCESSOR_DEFINITIONS = (
					"DEBUG=1",
					"$(inherited)",
				);
				GCC_WARN_64_TO_32_BIT_CONVERSION = YES;
				GCC_WARN_ABOUT_RETURN_TYPE = YES_ERROR;
				GCC_WARN_UNDECLARED_SELECTOR = YES;
				GCC_WARN_UNINITIALIZED_AUTOS = YES_AGGRESSIVE;
				GCC_WARN_UNUSED_FUNCTION = YES;
				GCC_WARN_UNUSED_VARIABLE = YES;
				IPHONEOS_DEPLOYMENT_TARGET = 17.0;
				LOCALIZATION_PREFERS_STRING_CATALOGS = YES;
				MTL_ENABLE_DEBUG_INFO = INCLUDE_SOURCE;
				MTL_FAST_MATH = YES;
				ONLY_ACTIVE_ARCH = YES;
				SDKROOT = iphoneos;
				SWIFT_ACTIVE_COMPILATION_CONDITIONS = "DEBUG $(inherited)";
				SWIFT_OPTIMIZATION_LEVEL = "-Onone";
			};
			name = Debug;
		};
		04D686822ACC7DB800E76C81 /* Release */ = {
			isa = XCBuildConfiguration;
			buildSettings = {
				ALWAYS_SEARCH_USER_PATHS = NO;
				ASSETCATALOG_COMPILER_GENERATE_SWIFT_ASSET_SYMBOL_EXTENSIONS = YES;
				CLANG_ANALYZER_NONNULL = YES;
				CLANG_ANALYZER_NUMBER_OBJECT_CONVERSION = YES_AGGRESSIVE;
				CLANG_CXX_LANGUAGE_STANDARD = "gnu++20";
				CLANG_ENABLE_MODULES = YES;
				CLANG_ENABLE_OBJC_ARC = YES;
				CLANG_ENABLE_OBJC_WEAK = YES;
				CLANG_WARN_BLOCK_CAPTURE_AUTORELEASING = YES;
				CLANG_WARN_BOOL_CONVERSION = YES;
				CLANG_WARN_COMMA = YES;
				CLANG_WARN_CONSTANT_CONVERSION = YES;
				CLANG_WARN_DEPRECATED_OBJC_IMPLEMENTATIONS = YES;
				CLANG_WARN_DIRECT_OBJC_ISA_USAGE = YES_ERROR;
				CLANG_WARN_DOCUMENTATION_COMMENTS = YES;
				CLANG_WARN_EMPTY_BODY = YES;
				CLANG_WARN_ENUM_CONVERSION = YES;
				CLANG_WARN_INFINITE_RECURSION = YES;
				CLANG_WARN_INT_CONVERSION = YES;
				CLANG_WARN_NON_LITERAL_NULL_CONVERSION = YES;
				CLANG_WARN_OBJC_IMPLICIT_RETAIN_SELF = YES;
				CLANG_WARN_OBJC_LITERAL_CONVERSION = YES;
				CLANG_WARN_OBJC_ROOT_CLASS = YES_ERROR;
				CLANG_WARN_QUOTED_INCLUDE_IN_FRAMEWORK_HEADER = YES;
				CLANG_WARN_RANGE_LOOP_ANALYSIS = YES;
				CLANG_WARN_STRICT_PROTOTYPES = YES;
				CLANG_WARN_SUSPICIOUS_MOVE = YES;
				CLANG_WARN_UNGUARDED_AVAILABILITY = YES_AGGRESSIVE;
				CLANG_WARN_UNREACHABLE_CODE = YES;
				CLANG_WARN__DUPLICATE_METHOD_MATCH = YES;
				COPY_PHASE_STRIP = NO;
				DEBUG_INFORMATION_FORMAT = "dwarf-with-dsym";
				ENABLE_NS_ASSERTIONS = NO;
				ENABLE_STRICT_OBJC_MSGSEND = YES;
				ENABLE_USER_SCRIPT_SANDBOXING = YES;
				GCC_C_LANGUAGE_STANDARD = gnu17;
				GCC_NO_COMMON_BLOCKS = YES;
				GCC_WARN_64_TO_32_BIT_CONVERSION = YES;
				GCC_WARN_ABOUT_RETURN_TYPE = YES_ERROR;
				GCC_WARN_UNDECLARED_SELECTOR = YES;
				GCC_WARN_UNINITIALIZED_AUTOS = YES_AGGRESSIVE;
				GCC_WARN_UNUSED_FUNCTION = YES;
				GCC_WARN_UNUSED_VARIABLE = YES;
				IPHONEOS_DEPLOYMENT_TARGET = 17.0;
				LOCALIZATION_PREFERS_STRING_CATALOGS = YES;
				MTL_ENABLE_DEBUG_INFO = NO;
				MTL_FAST_MATH = YES;
				SDKROOT = iphoneos;
				SWIFT_COMPILATION_MODE = wholemodule;
				VALIDATE_PRODUCT = YES;
			};
			name = Release;
		};
		04D686842ACC7DB800E76C81 /* Debug */ = {
			isa = XCBuildConfiguration;
			buildSettings = {
				ASSETCATALOG_COMPILER_APPICON_NAME = AppIcon;
				ASSETCATALOG_COMPILER_GLOBAL_ACCENT_COLOR_NAME = AccentColor;
				CODE_SIGN_STYLE = Automatic;
				CURRENT_PROJECT_VERSION = 1;
				DEVELOPMENT_ASSET_PATHS = "\"GigaChadCalculatorApp/Preview Content\"";
				DEVELOPMENT_TEAM = WC47Q2R2L7;
				ENABLE_PREVIEWS = YES;
				GENERATE_INFOPLIST_FILE = YES;
				INFOPLIST_KEY_UIApplicationSceneManifest_Generation = YES;
				INFOPLIST_KEY_UIApplicationSupportsIndirectInputEvents = YES;
				INFOPLIST_KEY_UILaunchScreen_Generation = YES;
				INFOPLIST_KEY_UISupportedInterfaceOrientations_iPad = "UIInterfaceOrientationPortrait UIInterfaceOrientationPortraitUpsideDown UIInterfaceOrientationLandscapeLeft UIInterfaceOrientationLandscapeRight";
				INFOPLIST_KEY_UISupportedInterfaceOrientations_iPhone = "UIInterfaceOrientationPortrait UIInterfaceOrientationLandscapeLeft UIInterfaceOrientationLandscapeRight";
				LD_RUNPATH_SEARCH_PATHS = (
					"$(inherited)",
					"@executable_path/Frameworks",
				);
				MARKETING_VERSION = 1.0;
				PRODUCT_BUNDLE_IDENTIFIER = com.cologne.GigaChadCalculatorApp;
				PRODUCT_NAME = "$(TARGET_NAME)";
				SWIFT_EMIT_LOC_STRINGS = YES;
				SWIFT_VERSION = 5.0;
				TARGETED_DEVICE_FAMILY = "1,2";
			};
			name = Debug;
		};
		04D686852ACC7DB800E76C81 /* Release */ = {
			isa = XCBuildConfiguration;
			buildSettings = {
				ASSETCATALOG_COMPILER_APPICON_NAME = AppIcon;
				ASSETCATALOG_COMPILER_GLOBAL_ACCENT_COLOR_NAME = AccentColor;
				CODE_SIGN_STYLE = Automatic;
				CURRENT_PROJECT_VERSION = 1;
				DEVELOPMENT_ASSET_PATHS = "\"GigaChadCalculatorApp/Preview Content\"";
				DEVELOPMENT_TEAM = WC47Q2R2L7;
				ENABLE_PREVIEWS = YES;
				GENERATE_INFOPLIST_FILE = YES;
				INFOPLIST_KEY_UIApplicationSceneManifest_Generation = YES;
				INFOPLIST_KEY_UIApplicationSupportsIndirectInputEvents = YES;
				INFOPLIST_KEY_UILaunchScreen_Generation = YES;
				INFOPLIST_KEY_UISupportedInterfaceOrientations_iPad = "UIInterfaceOrientationPortrait UIInterfaceOrientationPortraitUpsideDown UIInterfaceOrientationLandscapeLeft UIInterfaceOrientationLandscapeRight";
				INFOPLIST_KEY_UISupportedInterfaceOrientations_iPhone = "UIInterfaceOrientationPortrait UIInterfaceOrientationLandscapeLeft UIInterfaceOrientationLandscapeRight";
				LD_RUNPATH_SEARCH_PATHS = (
					"$(inherited)",
					"@executable_path/Frameworks",
				);
				MARKETING_VERSION = 1.0;
				PRODUCT_BUNDLE_IDENTIFIER = com.cologne.GigaChadCalculatorApp;
				PRODUCT_NAME = "$(TARGET_NAME)";
				SWIFT_EMIT_LOC_STRINGS = YES;
				SWIFT_VERSION = 5.0;
				TARGETED_DEVICE_FAMILY = "1,2";
			};
			name = Release;
		};
		04D686872ACC7DB800E76C81 /* Debug */ = {
			isa = XCBuildConfiguration;
			buildSettings = {
				ALWAYS_EMBED_SWIFT_STANDARD_LIBRARIES = YES;
				BUNDLE_LOADER = "$(TEST_HOST)";
				CODE_SIGN_STYLE = Automatic;
				CURRENT_PROJECT_VERSION = 1;
				GENERATE_INFOPLIST_FILE = YES;
				IPHONEOS_DEPLOYMENT_TARGET = 17.0;
				MARKETING_VERSION = 1.0;
				PRODUCT_BUNDLE_IDENTIFIER = com.cologne.GigaChadCalculatorAppTests;
				PRODUCT_NAME = "$(TARGET_NAME)";
				SWIFT_EMIT_LOC_STRINGS = NO;
				SWIFT_VERSION = 5.0;
				TARGETED_DEVICE_FAMILY = "1,2";
				TEST_HOST = "$(BUILT_PRODUCTS_DIR)/GigaChadCalculatorApp.app/$(BUNDLE_EXECUTABLE_FOLDER_PATH)/GigaChadCalculatorApp";
			};
			name = Debug;
		};
		04D686882ACC7DB800E76C81 /* Release */ = {
			isa = XCBuildConfiguration;
			buildSettings = {
				ALWAYS_EMBED_SWIFT_STANDARD_LIBRARIES = YES;
				BUNDLE_LOADER = "$(TEST_HOST)";
				CODE_SIGN_STYLE = Automatic;
				CURRENT_PROJECT_VERSION = 1;
				GENERATE_INFOPLIST_FILE = YES;
				IPHONEOS_DEPLOYMENT_TARGET = 17.0;
				MARKETING_VERSION = 1.0;
				PRODUCT_BUNDLE_IDENTIFIER = com.cologne.GigaChadCalculatorAppTests;
				PRODUCT_NAME = "$(TARGET_NAME)";
				SWIFT_EMIT_LOC_STRINGS = NO;
				SWIFT_VERSION = 5.0;
				TARGETED_DEVICE_FAMILY = "1,2";
				TEST_HOST = "$(BUILT_PRODUCTS_DIR)/GigaChadCalculatorApp.app/$(BUNDLE_EXECUTABLE_FOLDER_PATH)/GigaChadCalculatorApp";
			};
			name = Release;
		};
		04D6868A2ACC7DB800E76C81 /* Debug */ = {
			isa = XCBuildConfiguration;
			buildSettings = {
				ALWAYS_EMBED_SWIFT_STANDARD_LIBRARIES = YES;
				CODE_SIGN_STYLE = Automatic;
				CURRENT_PROJECT_VERSION = 1;
				GENERATE_INFOPLIST_FILE = YES;
				MARKETING_VERSION = 1.0;
				PRODUCT_BUNDLE_IDENTIFIER = com.cologne.GigaChadCalculatorAppUITests;
				PRODUCT_NAME = "$(TARGET_NAME)";
				SWIFT_EMIT_LOC_STRINGS = NO;
				SWIFT_VERSION = 5.0;
				TARGETED_DEVICE_FAMILY = "1,2";
				TEST_TARGET_NAME = GigaChadCalculatorApp;
			};
			name = Debug;
		};
		04D6868B2ACC7DB800E76C81 /* Release */ = {
			isa = XCBuildConfiguration;
			buildSettings = {
				ALWAYS_EMBED_SWIFT_STANDARD_LIBRARIES = YES;
				CODE_SIGN_STYLE = Automatic;
				CURRENT_PROJECT_VERSION = 1;
				GENERATE_INFOPLIST_FILE = YES;
				MARKETING_VERSION = 1.0;
				PRODUCT_BUNDLE_IDENTIFIER = com.cologne.GigaChadCalculatorAppUITests;
				PRODUCT_NAME = "$(TARGET_NAME)";
				SWIFT_EMIT_LOC_STRINGS = NO;
				SWIFT_VERSION = 5.0;
				TARGETED_DEVICE_FAMILY = "1,2";
				TEST_TARGET_NAME = GigaChadCalculatorApp;
			};
			name = Release;
		};
/* End XCBuildConfiguration section */

/* Begin XCConfigurationList section */
		04D6865A2ACC7DB600E76C81 /* Build configuration list for PBXProject "GigaChadCalculatorApp" */ = {
			isa = XCConfigurationList;
			buildConfigurations = (
				04D686812ACC7DB800E76C81 /* Debug */,
				04D686822ACC7DB800E76C81 /* Release */,
			);
			defaultConfigurationIsVisible = 0;
			defaultConfigurationName = Release;
		};
		04D686832ACC7DB800E76C81 /* Build configuration list for PBXNativeTarget "GigaChadCalculatorApp" */ = {
			isa = XCConfigurationList;
			buildConfigurations = (
				04D686842ACC7DB800E76C81 /* Debug */,
				04D686852ACC7DB800E76C81 /* Release */,
			);
			defaultConfigurationIsVisible = 0;
			defaultConfigurationName = Release;
		};
		04D686862ACC7DB800E76C81 /* Build configuration list for PBXNativeTarget "GigaChadCalculatorAppTests" */ = {
			isa = XCConfigurationList;
			buildConfigurations = (
				04D686872ACC7DB800E76C81 /* Debug */,
				04D686882ACC7DB800E76C81 /* Release */,
			);
			defaultConfigurationIsVisible = 0;
			defaultConfigurationName = Release;
		};
		04D686892ACC7DB800E76C81 /* Build configuration list for PBXNativeTarget "GigaChadCalculatorAppUITests" */ = {
			isa = XCConfigurationList;
			buildConfigurations = (
				04D6868A2ACC7DB800E76C81 /* Debug */,
				04D6868B2ACC7DB800E76C81 /* Release */,
			);
			defaultConfigurationIsVisible = 0;
			defaultConfigurationName = Release;
		};
/* End XCConfigurationList section */
	};
	rootObject = 04D686572ACC7DB600E76C81 /* Project object */;
}
